schema: '2.0'
stages:
  train:
    cmd: python model/train.py
    deps:
    - path: model/train.py
      hash: md5
      md5: d0296abdea13c9d96b84b900b45e4125
      size: 3172
    params:
      model/train.py:
        N_FEATURES: 10
        N_SAMPLES: 6000
        RANDOM_STATE: 42
    outs:
    - path: model/metrics.json
      hash: md5
      md5: b69acc1bffe3f63cfac1527344503ed5
      size: 114
    - path: model/plots/confusion_matrix.csv
      hash: md5
      md5: 6a6930e691b095095c089a057b23e524
      size: 54
    - path: model/weights/model.pkl
      hash: md5
      md5: 18e663d92a16602e7a3488219bcff737
      size: 1169
